
Microsoft Visual Studio Solution File, Format Version 12.00
# Visual Studio Version 16
VisualStudioVersion = 16.0.31702.278
MinimumVisualStudioVersion = 10.0.40219.1
Project("{9A19103F-16F7-4668-BE54-9A1E7A4F7556}") = "OSMMap", "OSMMap\OSMMap.csproj", "{F26AE270-563E-4ED2-969A-03663BE0590A}"
EndProject
Project("{9A19103F-16F7-4668-BE54-9A1E7A4F7556}") = "OSMMapLib", "OSMMapLib\OSMMapLib.csproj", "{92146423-F18F-469A-A23F-479BD18A5580}"
EndProject
Project("{9A19103F-16F7-4668-BE54-9A1E7A4F7556}") = "MapRendererLib", "MapRendererLib\MapRendererLib.csproj", "{3B9A1951-ACD5-4A11-86BD-B89570D02C10}"
EndProject
Global
	GlobalSection(SolutionConfigurationPlatforms) = preSolution
		Debug|Any CPU = Debug|Any CPU
		Release|Any CPU = Release|Any CPU
	EndGlobalSection
	GlobalSection(ProjectConfigurationPlatforms) = postSolution
		{F26AE270-563E-4ED2-969A-03663BE0590A}.Debug|Any CPU.ActiveCfg = Debug|Any CPU
		{F26AE270-563E-4ED2-969A-03663BE0590A}.Debug|Any CPU.Build.0 = Debug|Any CPU
		{F26AE270-563E-4ED2-969A-03663BE0590A}.Release|Any CPU.ActiveCfg = Release|Any CPU
		{F26AE270-563E-4ED2-969A-03663BE0590A}.Release|Any CPU.Build.0 = Release|Any CPU
		{92146423-F18F-469A-A23F-479BD18A5580}.Debug|Any CPU.ActiveCfg = Debug|Any CPU
		{92146423-F18F-469A-A23F-479BD18A5580}.Debug|Any CPU.Build.0 = Debug|Any CPU
		{92146423-F18F-469A-A23F-479BD18A5580}.Release|Any CPU.ActiveCfg = Release|Any CPU
		{92146423-F18F-469A-A23F-479BD18A5580}.Release|Any CPU.Build.0 = Release|Any CPU
		{3B9A1951-ACD5-4A11-86BD-B89570D02C10}.Debug|Any CPU.ActiveCfg = Debug|Any CPU
		{3B9A1951-ACD5-4A11-86BD-B89570D02C10}.Debug|Any CPU.Build.0 = Debug|Any CPU
		{3B9A1951-ACD5-4A11-86BD-B89570D02C10}.Release|Any CPU.ActiveCfg = Release|Any CPU
		{3B9A1951-ACD5-4A11-86BD-B89570D02C10}.Release|Any CPU.Build.0 = Release|Any CPU
	EndGlobalSection
	GlobalSection(SolutionProperties) = preSolution
		HideSolutionNode = FALSE
	EndGlobalSection
	GlobalSection(ExtensibilityGlobals) = postSolution
		SolutionGuid = {BB191E84-5A9B-4315-8D21-9818577B49B3}
	EndGlobalSection
EndGlobal
